
Microsoft Visual Studio Solution File, Format Version 12.00
# Visual Studio 15
VisualStudioVersion = 15.0.28307.421
MinimumVisualStudioVersion = 10.0.40219.1
Project("{FAE04EC0-301F-11D3-BF4B-00C04F79EFBC}") = "Juurutamise tööriist", "Juurutamise tööriist.csproj", "{22535DCB-72D9-4100-A758-607B03AABB05}"
EndProject
Global
	GlobalSection(SolutionConfigurationPlatforms) = preSolution
		Debug|Any CPU = Debug|Any CPU
		Release|Any CPU = Release|Any CPU
	EndGlobalSection
	GlobalSection(ProjectConfigurationPlatforms) = postSolution
		{22535DCB-72D9-4100-A758-607B03AABB05}.Debug|Any CPU.ActiveCfg = Debug|Any CPU
		{22535DCB-72D9-4100-A758-607B03AABB05}.Debug|Any CPU.Build.0 = Debug|Any CPU
		{22535DCB-72D9-4100-A758-607B03AABB05}.Release|Any CPU.ActiveCfg = Release|Any CPU
		{22535DCB-72D9-4100-A758-607B03AABB05}.Release|Any CPU.Build.0 = Release|Any CPU
	EndGlobalSection
	GlobalSection(SolutionProperties) = preSolution
		HideSolutionNode = FALSE
	EndGlobalSection
	GlobalSection(ExtensibilityGlobals) = postSolution
		SolutionGuid = {655FFB98-22FF-49EE-9791-7C7CDFF28761}
	EndGlobalSection
EndGlobal
